// !$*UTF8*$!
{
	archiveVersion = 1;
	classes = {
	};
	objectVersion = 55;
	objects = {

/* Begin PBXBuildFile section */
		3552DC052886B1E400DE7CFC /* ChatAppApp.swift in Sources */ = {isa = PBXBuildFile; fileRef = 3552DC042886B1E400DE7CFC /* ChatAppApp.swift */; };
		3552DC072886B1E400DE7CFC /* ContentView.swift in Sources */ = {isa = PBXBuildFile; fileRef = 3552DC062886B1E400DE7CFC /* ContentView.swift */; };
		3552DC092886B1E400DE7CFC /* Assets.xcassets in Resources */ = {isa = PBXBuildFile; fileRef = 3552DC082886B1E400DE7CFC /* Assets.xcassets */; };
		3552DC0C2886B1E400DE7CFC /* Preview Assets.xcassets in Resources */ = {isa = PBXBuildFile; fileRef = 3552DC0B2886B1E400DE7CFC /* Preview Assets.xcassets */; };
		3552DC142886B23F00DE7CFC /* TitleRow.swift in Sources */ = {isa = PBXBuildFile; fileRef = 3552DC132886B23F00DE7CFC /* TitleRow.swift */; };
		3552DC172886B34200DE7CFC /* Message.swift in Sources */ = {isa = PBXBuildFile; fileRef = 3552DC162886B34200DE7CFC /* Message.swift */; };
		3552DC192886B36E00DE7CFC /* MessageBubble.swift in Sources */ = {isa = PBXBuildFile; fileRef = 3552DC182886B36E00DE7CFC /* MessageBubble.swift */; };
		3552DC1B2886B4B900DE7CFC /* Extensions.swift in Sources */ = {isa = PBXBuildFile; fileRef = 3552DC1A2886B4B900DE7CFC /* Extensions.swift */; };
		3552DC1D2886B56200DE7CFC /* MessageField.swift in Sources */ = {isa = PBXBuildFile; fileRef = 3552DC1C2886B56200DE7CFC /* MessageField.swift */; };
		3552DC1F2886B6C700DE7CFC /* GoogleService-Info.plist in Resources */ = {isa = PBXBuildFile; fileRef = 3552DC1E2886B6C700DE7CFC /* GoogleService-Info.plist */; };
		3552DC222886B74F00DE7CFC /* FirebaseFirestore in Frameworks */ = {isa = PBXBuildFile; productRef = 3552DC212886B74F00DE7CFC /* FirebaseFirestore */; };
		3552DC242886B74F00DE7CFC /* FirebaseFirestoreSwift in Frameworks */ = {isa = PBXBuildFile; productRef = 3552DC232886B74F00DE7CFC /* FirebaseFirestoreSwift */; };
		3552DC262886B93500DE7CFC /* MessagesManager.swift in Sources */ = {isa = PBXBuildFile; fileRef = 3552DC252886B93500DE7CFC /* MessagesManager.swift */; };
/* End PBXBuildFile section */

/* Begin PBXFileReference section */
		3552DC012886B1E400DE7CFC /* ChatApp.app */ = {isa = PBXFileReference; explicitFileType = wrapper.application; includeInIndex = 0; path = ChatApp.app; sourceTree = BUILT_PRODUCTS_DIR; };
		3552DC042886B1E400DE7CFC /* ChatAppApp.swift */ = {isa = PBXFileReference; lastKnownFileType = sourcecode.swift; path = ChatAppApp.swift; sourceTree = "<group>"; };
		3552DC062886B1E400DE7CFC /* ContentView.swift */ = {isa = PBXFileReference; lastKnownFileType = sourcecode.swift; path = ContentView.swift; sourceTree = "<group>"; };
		3552DC082886B1E400DE7CFC /* Assets.xcassets */ = {isa = PBXFileReference; lastKnownFileType = folder.assetcatalog; path = Assets.xcassets; sourceTree = "<group>"; };
		3552DC0B2886B1E400DE7CFC /* Preview Assets.xcassets */ = {isa = PBXFileReference; lastKnownFileType = folder.assetcatalog; path = "Preview Assets.xcassets"; sourceTree = "<group>"; };
		3552DC132886B23F00DE7CFC /* TitleRow.swift */ = {isa = PBXFileReference; lastKnownFileType = sourcecode.swift; path = TitleRow.swift; sourceTree = "<group>"; };
		3552DC162886B34200DE7CFC /* Message.swift */ = {isa = PBXFileReference; lastKnownFileType = sourcecode.swift; path = Message.swift; sourceTree = "<group>"; };
		3552DC182886B36E00DE7CFC /* MessageBubble.swift */ = {isa = PBXFileReference; lastKnownFileType = sourcecode.swift; path = MessageBubble.swift; sourceTree = "<group>"; };
		3552DC1A2886B4B900DE7CFC /* Extensions.swift */ = {isa = PBXFileReference; lastKnownFileType = sourcecode.swift; path = Extensions.swift; sourceTree = "<group>"; };
		3552DC1C2886B56200DE7CFC /* MessageField.swift */ = {isa = PBXFileReference; lastKnownFileType = sourcecode.swift; path = MessageField.swift; sourceTree = "<group>"; };
		3552DC1E2886B6C700DE7CFC /* GoogleService-Info.plist */ = {isa = PBXFileReference; fileEncoding = 4; lastKnownFileType = text.plist.xml; path = "GoogleService-Info.plist"; sourceTree = "<group>"; };
		3552DC252886B93500DE7CFC /* MessagesManager.swift */ = {isa = PBXFileReference; lastKnownFileType = sourcecode.swift; path = MessagesManager.swift; sourceTree = "<group>"; };
/* End PBXFileReference section */

/* Begin PBXFrameworksBuildPhase section */
		3552DBFE2886B1E400DE7CFC /* Frameworks */ = {
			isa = PBXFrameworksBuildPhase;
			buildActionMask = 2147483647;
			files = (
				3552DC222886B74F00DE7CFC /* FirebaseFirestore in Frameworks */,
				3552DC242886B74F00DE7CFC /* FirebaseFirestoreSwift in Frameworks */,
			);
			runOnlyForDeploymentPostprocessing = 0;
		};
/* End PBXFrameworksBuildPhase section */

/* Begin PBXGroup section */
		3552DBF82886B1E400DE7CFC = {
			isa = PBXGroup;
			children = (
				3552DC032886B1E400DE7CFC /* ChatApp */,
				3552DC022886B1E400DE7CFC /* Products */,
			);
			sourceTree = "<group>";
		};
		3552DC022886B1E400DE7CFC /* Products */ = {
			isa = PBXGroup;
			children = (
				3552DC012886B1E400DE7CFC /* ChatApp.app */,
			);
			name = Products;
			sourceTree = "<group>";
		};
		3552DC032886B1E400DE7CFC /* ChatApp */ = {
			isa = PBXGroup;
			children = (
				3552DC042886B1E400DE7CFC /* ChatAppApp.swift */,
				3552DC252886B93500DE7CFC /* MessagesManager.swift */,
				3552DC1E2886B6C700DE7CFC /* GoogleService-Info.plist */,
				3552DC1A2886B4B900DE7CFC /* Extensions.swift */,
				3552DC152886B33B00DE7CFC /* Models */,
				3552DC122886B23700DE7CFC /* Components */,
				3552DC062886B1E400DE7CFC /* ContentView.swift */,
				3552DC082886B1E400DE7CFC /* Assets.xcassets */,
				3552DC0A2886B1E400DE7CFC /* Preview Content */,
			);
			path = ChatApp;
			sourceTree = "<group>";
		};
		3552DC0A2886B1E400DE7CFC /* Preview Content */ = {
			isa = PBXGroup;
			children = (
				3552DC0B2886B1E400DE7CFC /* Preview Assets.xcassets */,
			);
			path = "Preview Content";
			sourceTree = "<group>";
		};
		3552DC122886B23700DE7CFC /* Components */ = {
			isa = PBXGroup;
			children = (
				3552DC132886B23F00DE7CFC /* TitleRow.swift */,
				3552DC182886B36E00DE7CFC /* MessageBubble.swift */,
				3552DC1C2886B56200DE7CFC /* MessageField.swift */,
			);
			path = Components;
			sourceTree = "<group>";
		};
		3552DC152886B33B00DE7CFC /* Models */ = {
			isa = PBXGroup;
			children = (
				3552DC162886B34200DE7CFC /* Message.swift */,
			);
			path = Models;
			sourceTree = "<group>";
		};
/* End PBXGroup section */

/* Begin PBXNativeTarget section */
		3552DC002886B1E400DE7CFC /* ChatApp */ = {
			isa = PBXNativeTarget;
			buildConfigurationList = 3552DC0F2886B1E400DE7CFC /* Build configuration list for PBXNativeTarget "ChatApp" */;
			buildPhases = (
				3552DBFD2886B1E400DE7CFC /* Sources */,
				3552DBFE2886B1E400DE7CFC /* Frameworks */,
				3552DBFF2886B1E400DE7CFC /* Resources */,
			);
			buildRules = (
			);
			dependencies = (
			);
			name = ChatApp;
			packageProductDependencies = (
				3552DC212886B74F00DE7CFC /* FirebaseFirestore */,
				3552DC232886B74F00DE7CFC /* FirebaseFirestoreSwift */,
			);
			productName = ChatApp;
			productReference = 3552DC012886B1E400DE7CFC /* ChatApp.app */;
			productType = "com.apple.product-type.application";
		};
/* End PBXNativeTarget section */

/* Begin PBXProject section */
		3552DBF92886B1E400DE7CFC /* Project object */ = {
			isa = PBXProject;
			attributes = {
				BuildIndependentTargetsInParallel = 1;
				LastSwiftUpdateCheck = 1340;
				LastUpgradeCheck = 1340;
				TargetAttributes = {
					3552DC002886B1E400DE7CFC = {
						CreatedOnToolsVersion = 13.4.1;
					};
				};
			};
			buildConfigurationList = 3552DBFC2886B1E400DE7CFC /* Build configuration list for PBXProject "ChatApp" */;
			compatibilityVersion = "Xcode 13.0";
			developmentRegion = en;
			hasScannedForEncodings = 0;
			knownRegions = (
				en,
				Base,
			);
			mainGroup = 3552DBF82886B1E400DE7CFC;
			packageReferences = (
				3552DC202886B74F00DE7CFC /* XCRemoteSwiftPackageReference "firebase-ios-sdk" */,
			);
			productRefGroup = 3552DC022886B1E400DE7CFC /* Products */;
			projectDirPath = "";
			projectRoot = "";
			targets = (
				3552DC002886B1E400DE7CFC /* ChatApp */,
			);
		};
/* End PBXProject section */

/* Begin PBXResourcesBuildPhase section */
		3552DBFF2886B1E400DE7CFC /* Resources */ = {
			isa = PBXResourcesBuildPhase;
			buildActionMask = 2147483647;
			files = (
				3552DC0C2886B1E400DE7CFC /* Preview Assets.xcassets in Resources */,
				3552DC092886B1E400DE7CFC /* Assets.xcassets in Resources */,
				3552DC1F2886B6C700DE7CFC /* GoogleService-Info.plist in Resources */,
			);
			runOnlyForDeploymentPostprocessing = 0;
		};
/* End PBXResourcesBuildPhase section */

/* Begin PBXSourcesBuildPhase section */
		3552DBFD2886B1E400DE7CFC /* Sources */ = {
			isa = PBXSourcesBuildPhase;
			buildActionMask = 2147483647;
			files = (
				3552DC072886B1E400DE7CFC /* ContentView.swift in Sources */,
				3552DC1B2886B4B900DE7CFC /* Extensions.swift in Sources */,
				3552DC172886B34200DE7CFC /* Message.swift in Sources */,
				3552DC262886B93500DE7CFC /* MessagesManager.swift in Sources */,
				3552DC1D2886B56200DE7CFC /* MessageField.swift in Sources */,
				3552DC192886B36E00DE7CFC /* MessageBubble.swift in Sources */,
				3552DC052886B1E400DE7CFC /* ChatAppApp.swift in Sources */,
				3552DC142886B23F00DE7CFC /* TitleRow.swift in Sources */,
			);
			runOnlyForDeploymentPostprocessing = 0;
		};
/* End PBXSourcesBuildPhase section */

/* Begin XCBuildConfiguration section */
		3552DC0D2886B1E400DE7CFC /* Debug */ = {
			isa = XCBuildConfiguration;
			buildSettings = {
				ALWAYS_SEARCH_USER_PATHS = NO;
				CLANG_ANALYZER_NONNULL = YES;
				CLANG_ANALYZER_NUMBER_OBJECT_CONVERSION = YES_AGGRESSIVE;
				CLANG_CXX_LANGUAGE_STANDARD = "gnu++17";
				CLANG_ENABLE_MODULES = YES;
				CLANG_ENABLE_OBJC_ARC = YES;
				CLANG_ENABLE_OBJC_WEAK = YES;
				CLANG_WARN_BLOCK_CAPTURE_AUTORELEASING = YES;
				CLANG_WARN_BOOL_CONVERSION = YES;
				CLANG_WARN_COMMA = YES;
				CLANG_WARN_CONSTANT_CONVERSION = YES;
				CLANG_WARN_DEPRECATED_OBJC_IMPLEMENTATIONS = YES;
				CLANG_WARN_DIRECT_OBJC_ISA_USAGE = YES_ERROR;
				CLANG_WARN_DOCUMENTATION_COMMENTS = YES;
				CLANG_WARN_EMPTY_BODY = YES;
				CLANG_WARN_ENUM_CONVERSION = YES;
				CLANG_WARN_INFINITE_RECURSION = YES;
				CLANG_WARN_INT_CONVERSION = YES;
				CLANG_WARN_NON_LITERAL_NULL_CONVERSION = YES;
				CLANG_WARN_OBJC_IMPLICIT_RETAIN_SELF = YES;
				CLANG_WARN_OBJC_LITERAL_CONVERSION = YES;
				CLANG_WARN_OBJC_ROOT_CLASS = YES_ERROR;
				CLANG_WARN_QUOTED_INCLUDE_IN_FRAMEWORK_HEADER = YES;
				CLANG_WARN_RANGE_LOOP_ANALYSIS = YES;
				CLANG_WARN_STRICT_PROTOTYPES = YES;
				CLANG_WARN_SUSPICIOUS_MOVE = YES;
				CLANG_WARN_UNGUARDED_AVAILABILITY = YES_AGGRESSIVE;
				CLANG_WARN_UNREACHABLE_CODE = YES;
				CLANG_WARN__DUPLICATE_METHOD_MATCH = YES;
				COPY_PHASE_STRIP = NO;
				DEBUG_INFORMATION_FORMAT = dwarf;
				ENABLE_STRICT_OBJC_MSGSEND = YES;
				ENABLE_TESTABILITY = YES;
				GCC_C_LANGUAGE_STANDARD = gnu11;
				GCC_DYNAMIC_NO_PIC = NO;
				GCC_NO_COMMON_BLOCKS = YES;
				GCC_OPTIMIZATION_LEVEL = 0;
				GCC_PREPROCESSOR_DEFINITIONS = (
					"DEBUG=1",
					"$(inherited)",
				);
				GCC_WARN_64_TO_32_BIT_CONVERSION = YES;
				GCC_WARN_ABOUT_RETURN_TYPE = YES_ERROR;
				GCC_WARN_UNDECLARED_SELECTOR = YES;
				GCC_WARN_UNINITIALIZED_AUTOS = YES_AGGRESSIVE;
				GCC_WARN_UNUSED_FUNCTION = YES;
				GCC_WARN_UNUSED_VARIABLE = YES;
				IPHONEOS_DEPLOYMENT_TARGET = 15.5;
				MTL_ENABLE_DEBUG_INFO = INCLUDE_SOURCE;
				MTL_FAST_MATH = YES;
				ONLY_ACTIVE_ARCH = YES;
				SDKROOT = iphoneos;
				SWIFT_ACTIVE_COMPILATION_CONDITIONS = DEBUG;
				SWIFT_OPTIMIZATION_LEVEL = "-Onone";
			};
			name = Debug;
		};
		3552DC0E2886B1E400DE7CFC /* Release */ = {
			isa = XCBuildConfiguration;
			buildSettings = {
				ALWAYS_SEARCH_USER_PATHS = NO;
				CLANG_ANALYZER_NONNULL = YES;
				CLANG_ANALYZER_NUMBER_OBJECT_CONVERSION = YES_AGGRESSIVE;
				CLANG_CXX_LANGUAGE_STANDARD = "gnu++17";
				CLANG_ENABLE_MODULES = YES;
				CLANG_ENABLE_OBJC_ARC = YES;
				CLANG_ENABLE_OBJC_WEAK = YES;
				CLANG_WARN_BLOCK_CAPTURE_AUTORELEASING = YES;
				CLANG_WARN_BOOL_CONVERSION = YES;
				CLANG_WARN_COMMA = YES;
				CLANG_WARN_CONSTANT_CONVERSION = YES;
				CLANG_WARN_DEPRECATED_OBJC_IMPLEMENTATIONS = YES;
				CLANG_WARN_DIRECT_OBJC_ISA_USAGE = YES_ERROR;
				CLANG_WARN_DOCUMENTATION_COMMENTS = YES;
				CLANG_WARN_EMPTY_BODY = YES;
				CLANG_WARN_ENUM_CONVERSION = YES;
				CLANG_WARN_INFINITE_RECURSION = YES;
				CLANG_WARN_INT_CONVERSION = YES;
				CLANG_WARN_NON_LITERAL_NULL_CONVERSION = YES;
				CLANG_WARN_OBJC_IMPLICIT_RETAIN_SELF = YES;
				CLANG_WARN_OBJC_LITERAL_CONVERSION = YES;
				CLANG_WARN_OBJC_ROOT_CLASS = YES_ERROR;
				CLANG_WARN_QUOTED_INCLUDE_IN_FRAMEWORK_HEADER = YES;
				CLANG_WARN_RANGE_LOOP_ANALYSIS = YES;
				CLANG_WARN_STRICT_PROTOTYPES = YES;
				CLANG_WARN_SUSPICIOUS_MOVE = YES;
				CLANG_WARN_UNGUARDED_AVAILABILITY = YES_AGGRESSIVE;
				CLANG_WARN_UNREACHABLE_CODE = YES;
				CLANG_WARN__DUPLICATE_METHOD_MATCH = YES;
				COPY_PHASE_STRIP = NO;
				DEBUG_INFORMATION_FORMAT = "dwarf-with-dsym";
				ENABLE_NS_ASSERTIONS = NO;
				ENABLE_STRICT_OBJC_MSGSEND = YES;
				GCC_C_LANGUAGE_STANDARD = gnu11;
				GCC_NO_COMMON_BLOCKS = YES;
				GCC_WARN_64_TO_32_BIT_CONVERSION = YES;
				GCC_WARN_ABOUT_RETURN_TYPE = YES_ERROR;
				GCC_WARN_UNDECLARED_SELECTOR = YES;
				GCC_WARN_UNINITIALIZED_AUTOS = YES_AGGRESSIVE;
				GCC_WARN_UNUSED_FUNCTION = YES;
				GCC_WARN_UNUSED_VARIABLE = YES;
				IPHONEOS_DEPLOYMENT_TARGET = 15.5;
				MTL_ENABLE_DEBUG_INFO = NO;
				MTL_FAST_MATH = YES;
				SDKROOT = iphoneos;
				SWIFT_COMPILATION_MODE = wholemodule;
				SWIFT_OPTIMIZATION_LEVEL = "-O";
				VALIDATE_PRODUCT = YES;
			};
			name = Release;
		};
		3552DC102886B1E400DE7CFC /* Debug */ = {
			isa = XCBuildConfiguration;
			buildSettings = {
				ASSETCATALOG_COMPILER_APPICON_NAME = AppIcon;
				ASSETCATALOG_COMPILER_GLOBAL_ACCENT_COLOR_NAME = AccentColor;
				CODE_SIGN_STYLE = Automatic;
				CURRENT_PROJECT_VERSION = 1;
				DEVELOPMENT_ASSET_PATHS = "\"ChatApp/Preview Content\"";
				DEVELOPMENT_TEAM = 73M8WKP6V5;
				ENABLE_PREVIEWS = YES;
				GENERATE_INFOPLIST_FILE = YES;
				INFOPLIST_KEY_UIApplicationSceneManifest_Generation = YES;
				INFOPLIST_KEY_UIApplicationSupportsIndirectInputEvents = YES;
				INFOPLIST_KEY_UILaunchScreen_Generation = YES;
				INFOPLIST_KEY_UISupportedInterfaceOrientations_iPad = "UIInterfaceOrientationPortrait UIInterfaceOrientationPortraitUpsideDown UIInterfaceOrientationLandscapeLeft UIInterfaceOrientationLandscapeRight";
				INFOPLIST_KEY_UISupportedInterfaceOrientations_iPhone = "UIInterfaceOrientationPortrait UIInterfaceOrientationLandscapeLeft UIInterfaceOrientationLandscapeRight";
				LD_RUNPATH_SEARCH_PATHS = (
					"$(inherited)",
					"@executable_path/Frameworks",
				);
				MARKETING_VERSION = 1.0;
				PRODUCT_BUNDLE_IDENTIFIER = "com.mittal-siddharth.ChatApp";
				PRODUCT_NAME = "$(TARGET_NAME)";
				SWIFT_EMIT_LOC_STRINGS = YES;
				SWIFT_VERSION = 5.0;
				TARGETED_DEVICE_FAMILY = "1,2";
			};
			name = Debug;
		};
		3552DC112886B1E400DE7CFC /* Release */ = {
			isa = XCBuildConfiguration;
			buildSettings = {
				ASSETCATALOG_COMPILER_APPICON_NAME = AppIcon;
				ASSETCATALOG_COMPILER_GLOBAL_ACCENT_COLOR_NAME = AccentColor;
				CODE_SIGN_STYLE = Automatic;
				CURRENT_PROJECT_VERSION = 1;
				DEVELOPMENT_ASSET_PATHS = "\"ChatApp/Preview Content\"";
				DEVELOPMENT_TEAM = 73M8WKP6V5;
				ENABLE_PREVIEWS = YES;
				GENERATE_INFOPLIST_FILE = YES;
				INFOPLIST_KEY_UIApplicationSceneManifest_Generation = YES;
				INFOPLIST_KEY_UIApplicationSupportsIndirectInputEvents = YES;
				INFOPLIST_KEY_UILaunchScreen_Generation = YES;
				INFOPLIST_KEY_UISupportedInterfaceOrientations_iPad = "UIInterfaceOrientationPortrait UIInterfaceOrientationPortraitUpsideDown UIInterfaceOrientationLandscapeLeft UIInterfaceOrientationLandscapeRight";
				INFOPLIST_KEY_UISupportedInterfaceOrientations_iPhone = "UIInterfaceOrientationPortrait UIInterfaceOrientationLandscapeLeft UIInterfaceOrientationLandscapeRight";
				LD_RUNPATH_SEARCH_PATHS = (
					"$(inherited)",
					"@executable_path/Frameworks",
				);
				MARKETING_VERSION = 1.0;
				PRODUCT_BUNDLE_IDENTIFIER = "com.mittal-siddharth.ChatApp";
				PRODUCT_NAME = "$(TARGET_NAME)";
				SWIFT_EMIT_LOC_STRINGS = YES;
				SWIFT_VERSION = 5.0;
				TARGETED_DEVICE_FAMILY = "1,2";
			};
			name = Release;
		};
/* End XCBuildConfiguration section */

/* Begin XCConfigurationList section */
		3552DBFC2886B1E400DE7CFC /* Build configuration list for PBXProject "ChatApp" */ = {
			isa = XCConfigurationList;
			buildConfigurations = (
				3552DC0D2886B1E400DE7CFC /* Debug */,
				3552DC0E2886B1E400DE7CFC /* Release */,
			);
			defaultConfigurationIsVisible = 0;
			defaultConfigurationName = Release;
		};
		3552DC0F2886B1E400DE7CFC /* Build configuration list for PBXNativeTarget "ChatApp" */ = {
			isa = XCConfigurationList;
			buildConfigurations = (
				3552DC102886B1E400DE7CFC /* Debug */,
				3552DC112886B1E400DE7CFC /* Release */,
			);
			defaultConfigurationIsVisible = 0;
			defaultConfigurationName = Release;
		};
/* End XCConfigurationList section */

/* Begin XCRemoteSwiftPackageReference section */
		3552DC202886B74F00DE7CFC /* XCRemoteSwiftPackageReference "firebase-ios-sdk" */ = {
			isa = XCRemoteSwiftPackageReference;
			repositoryURL = "https://github.com/firebase/firebase-ios-sdk";
			requirement = {
				kind = upToNextMajorVersion;
				minimumVersion = 9.0.0;
			};
		};
/* End XCRemoteSwiftPackageReference section */

/* Begin XCSwiftPackageProductDependency section */
		3552DC212886B74F00DE7CFC /* FirebaseFirestore */ = {
			isa = XCSwiftPackageProductDependency;
			package = 3552DC202886B74F00DE7CFC /* XCRemoteSwiftPackageReference "firebase-ios-sdk" */;
			productName = FirebaseFirestore;
		};
		3552DC232886B74F00DE7CFC /* FirebaseFirestoreSwift */ = {
			isa = XCSwiftPackageProductDependency;
			package = 3552DC202886B74F00DE7CFC /* XCRemoteSwiftPackageReference "firebase-ios-sdk" */;
			productName = FirebaseFirestoreSwift;
		};
/* End XCSwiftPackageProductDependency section */
	};
	rootObject = 3552DBF92886B1E400DE7CFC /* Project object */;
}
