// !$*UTF8*$!
{
	archiveVersion = 1;
	classes = {
	};
	objectVersion = 55;
	objects = {

/* Begin PBXBuildFile section */
		350C4C87286FE2BA00C1B51F /* DestinationView.swift in Sources */ = {isa = PBXBuildFile; fileRef = 350C4C86286FE2BA00C1B51F /* DestinationView.swift */; };
		35EE3DFF286F241400CC1AFF /* FlutterTravelDemoApp.swift in Sources */ = {isa = PBXBuildFile; fileRef = 35EE3DFE286F241400CC1AFF /* FlutterTravelDemoApp.swift */; };
		35EE3E01286F241400CC1AFF /* HomeView.swift in Sources */ = {isa = PBXBuildFile; fileRef = 35EE3E00286F241400CC1AFF /* HomeView.swift */; };
		35EE3E03286F241600CC1AFF /* Assets.xcassets in Resources */ = {isa = PBXBuildFile; fileRef = 35EE3E02286F241600CC1AFF /* Assets.xcassets */; };
		35EE3E06286F241600CC1AFF /* Preview Assets.xcassets in Resources */ = {isa = PBXBuildFile; fileRef = 35EE3E05286F241600CC1AFF /* Preview Assets.xcassets */; };
		35EE3E0D286F245700CC1AFF /* DataService.swift in Sources */ = {isa = PBXBuildFile; fileRef = 35EE3E0C286F245700CC1AFF /* DataService.swift */; };
		35EE3E11286F247500CC1AFF /* Hotel.swift in Sources */ = {isa = PBXBuildFile; fileRef = 35EE3E10286F247500CC1AFF /* Hotel.swift */; };
		35EE3E13286F247B00CC1AFF /* Destination.swift in Sources */ = {isa = PBXBuildFile; fileRef = 35EE3E12286F247B00CC1AFF /* Destination.swift */; };
		35EE3E15286F248200CC1AFF /* Activity.swift in Sources */ = {isa = PBXBuildFile; fileRef = 35EE3E14286F248200CC1AFF /* Activity.swift */; };
		35EE3E17286F26E100CC1AFF /* TravelViewModel.swift in Sources */ = {isa = PBXBuildFile; fileRef = 35EE3E16286F26E100CC1AFF /* TravelViewModel.swift */; };
		35EE3E19286F273600CC1AFF /* TravelType.swift in Sources */ = {isa = PBXBuildFile; fileRef = 35EE3E18286F273600CC1AFF /* TravelType.swift */; };
		35EE3E1B286F2B5600CC1AFF /* TravelTypeButton.swift in Sources */ = {isa = PBXBuildFile; fileRef = 35EE3E1A286F2B5600CC1AFF /* TravelTypeButton.swift */; };
		35EE3E1D286F338A00CC1AFF /* DestinationPreview.swift in Sources */ = {isa = PBXBuildFile; fileRef = 35EE3E1C286F338A00CC1AFF /* DestinationPreview.swift */; };
		35EE3E1F286F3B3D00CC1AFF /* HotelPreview.swift in Sources */ = {isa = PBXBuildFile; fileRef = 35EE3E1E286F3B3D00CC1AFF /* HotelPreview.swift */; };
		35EE3E21286F3F9600CC1AFF /* ActivityPreview.swift in Sources */ = {isa = PBXBuildFile; fileRef = 35EE3E20286F3F9600CC1AFF /* ActivityPreview.swift */; };
/* End PBXBuildFile section */

/* Begin PBXFileReference section */
		350C4C86286FE2BA00C1B51F /* DestinationView.swift */ = {isa = PBXFileReference; lastKnownFileType = sourcecode.swift; path = DestinationView.swift; sourceTree = "<group>"; };
		35EE3DFB286F241400CC1AFF /* FlutterTravelDemo.app */ = {isa = PBXFileReference; explicitFileType = wrapper.application; includeInIndex = 0; path = FlutterTravelDemo.app; sourceTree = BUILT_PRODUCTS_DIR; };
		35EE3DFE286F241400CC1AFF /* FlutterTravelDemoApp.swift */ = {isa = PBXFileReference; lastKnownFileType = sourcecode.swift; path = FlutterTravelDemoApp.swift; sourceTree = "<group>"; };
		35EE3E00286F241400CC1AFF /* HomeView.swift */ = {isa = PBXFileReference; lastKnownFileType = sourcecode.swift; path = HomeView.swift; sourceTree = "<group>"; };
		35EE3E02286F241600CC1AFF /* Assets.xcassets */ = {isa = PBXFileReference; lastKnownFileType = folder.assetcatalog; path = Assets.xcassets; sourceTree = "<group>"; };
		35EE3E05286F241600CC1AFF /* Preview Assets.xcassets */ = {isa = PBXFileReference; lastKnownFileType = folder.assetcatalog; path = "Preview Assets.xcassets"; sourceTree = "<group>"; };
		35EE3E0C286F245700CC1AFF /* DataService.swift */ = {isa = PBXFileReference; fileEncoding = 4; lastKnownFileType = sourcecode.swift; path = DataService.swift; sourceTree = "<group>"; };
		35EE3E10286F247500CC1AFF /* Hotel.swift */ = {isa = PBXFileReference; lastKnownFileType = sourcecode.swift; path = Hotel.swift; sourceTree = "<group>"; };
		35EE3E12286F247B00CC1AFF /* Destination.swift */ = {isa = PBXFileReference; lastKnownFileType = sourcecode.swift; path = Destination.swift; sourceTree = "<group>"; };
		35EE3E14286F248200CC1AFF /* Activity.swift */ = {isa = PBXFileReference; lastKnownFileType = sourcecode.swift; path = Activity.swift; sourceTree = "<group>"; };
		35EE3E16286F26E100CC1AFF /* TravelViewModel.swift */ = {isa = PBXFileReference; lastKnownFileType = sourcecode.swift; path = TravelViewModel.swift; sourceTree = "<group>"; };
		35EE3E18286F273600CC1AFF /* TravelType.swift */ = {isa = PBXFileReference; lastKnownFileType = sourcecode.swift; path = TravelType.swift; sourceTree = "<group>"; };
		35EE3E1A286F2B5600CC1AFF /* TravelTypeButton.swift */ = {isa = PBXFileReference; lastKnownFileType = sourcecode.swift; path = TravelTypeButton.swift; sourceTree = "<group>"; };
		35EE3E1C286F338A00CC1AFF /* DestinationPreview.swift */ = {isa = PBXFileReference; lastKnownFileType = sourcecode.swift; path = DestinationPreview.swift; sourceTree = "<group>"; };
		35EE3E1E286F3B3D00CC1AFF /* HotelPreview.swift */ = {isa = PBXFileReference; lastKnownFileType = sourcecode.swift; path = HotelPreview.swift; sourceTree = "<group>"; };
		35EE3E20286F3F9600CC1AFF /* ActivityPreview.swift */ = {isa = PBXFileReference; lastKnownFileType = sourcecode.swift; path = ActivityPreview.swift; sourceTree = "<group>"; };
/* End PBXFileReference section */

/* Begin PBXFrameworksBuildPhase section */
		35EE3DF8286F241400CC1AFF /* Frameworks */ = {
			isa = PBXFrameworksBuildPhase;
			buildActionMask = 2147483647;
			files = (
			);
			runOnlyForDeploymentPostprocessing = 0;
		};
/* End PBXFrameworksBuildPhase section */

/* Begin PBXGroup section */
		350C4C85286FE23000C1B51F /* Components */ = {
			isa = PBXGroup;
			children = (
				35EE3E1A286F2B5600CC1AFF /* TravelTypeButton.swift */,
				35EE3E1C286F338A00CC1AFF /* DestinationPreview.swift */,
				35EE3E1E286F3B3D00CC1AFF /* HotelPreview.swift */,
				35EE3E20286F3F9600CC1AFF /* ActivityPreview.swift */,
			);
			path = Components;
			sourceTree = "<group>";
		};
		35EE3DF2286F241400CC1AFF = {
			isa = PBXGroup;
			children = (
				35EE3DFD286F241400CC1AFF /* FlutterTravelDemo */,
				35EE3DFC286F241400CC1AFF /* Products */,
			);
			sourceTree = "<group>";
		};
		35EE3DFC286F241400CC1AFF /* Products */ = {
			isa = PBXGroup;
			children = (
				35EE3DFB286F241400CC1AFF /* FlutterTravelDemo.app */,
			);
			name = Products;
			sourceTree = "<group>";
		};
		35EE3DFD286F241400CC1AFF /* FlutterTravelDemo */ = {
			isa = PBXGroup;
			children = (
				35EE3DFE286F241400CC1AFF /* FlutterTravelDemoApp.swift */,
				35EE3E0C286F245700CC1AFF /* DataService.swift */,
				35EE3E16286F26E100CC1AFF /* TravelViewModel.swift */,
				350C4C85286FE23000C1B51F /* Components */,
				35EE3E0F286F246B00CC1AFF /* Views */,
				35EE3E0E286F246600CC1AFF /* Models */,
				35EE3E02286F241600CC1AFF /* Assets.xcassets */,
				35EE3E04286F241600CC1AFF /* Preview Content */,
			);
			path = FlutterTravelDemo;
			sourceTree = "<group>";
		};
		35EE3E04286F241600CC1AFF /* Preview Content */ = {
			isa = PBXGroup;
			children = (
				35EE3E05286F241600CC1AFF /* Preview Assets.xcassets */,
			);
			path = "Preview Content";
			sourceTree = "<group>";
		};
		35EE3E0E286F246600CC1AFF /* Models */ = {
			isa = PBXGroup;
			children = (
				35EE3E10286F247500CC1AFF /* Hotel.swift */,
				35EE3E12286F247B00CC1AFF /* Destination.swift */,
				35EE3E14286F248200CC1AFF /* Activity.swift */,
				35EE3E18286F273600CC1AFF /* TravelType.swift */,
			);
			path = Models;
			sourceTree = "<group>";
		};
		35EE3E0F286F246B00CC1AFF /* Views */ = {
			isa = PBXGroup;
			children = (
				35EE3E00286F241400CC1AFF /* HomeView.swift */,
				350C4C86286FE2BA00C1B51F /* DestinationView.swift */,
			);
			path = Views;
			sourceTree = "<group>";
		};
/* End PBXGroup section */

/* Begin PBXNativeTarget section */
		35EE3DFA286F241400CC1AFF /* FlutterTravelDemo */ = {
			isa = PBXNativeTarget;
			buildConfigurationList = 35EE3E09286F241600CC1AFF /* Build configuration list for PBXNativeTarget "FlutterTravelDemo" */;
			buildPhases = (
				35EE3DF7286F241400CC1AFF /* Sources */,
				35EE3DF8286F241400CC1AFF /* Frameworks */,
				35EE3DF9286F241400CC1AFF /* Resources */,
			);
			buildRules = (
			);
			dependencies = (
			);
			name = FlutterTravelDemo;
			productName = FlutterTravelDemo;
			productReference = 35EE3DFB286F241400CC1AFF /* FlutterTravelDemo.app */;
			productType = "com.apple.product-type.application";
		};
/* End PBXNativeTarget section */

/* Begin PBXProject section */
		35EE3DF3286F241400CC1AFF /* Project object */ = {
			isa = PBXProject;
			attributes = {
				BuildIndependentTargetsInParallel = 1;
				LastSwiftUpdateCheck = 1340;
				LastUpgradeCheck = 1340;
				TargetAttributes = {
					35EE3DFA286F241400CC1AFF = {
						CreatedOnToolsVersion = 13.4.1;
					};
				};
			};
			buildConfigurationList = 35EE3DF6286F241400CC1AFF /* Build configuration list for PBXProject "FlutterTravelDemo" */;
			compatibilityVersion = "Xcode 13.0";
			developmentRegion = en;
			hasScannedForEncodings = 0;
			knownRegions = (
				en,
				Base,
			);
			mainGroup = 35EE3DF2286F241400CC1AFF;
			productRefGroup = 35EE3DFC286F241400CC1AFF /* Products */;
			projectDirPath = "";
			projectRoot = "";
			targets = (
				35EE3DFA286F241400CC1AFF /* FlutterTravelDemo */,
			);
		};
/* End PBXProject section */

/* Begin PBXResourcesBuildPhase section */
		35EE3DF9286F241400CC1AFF /* Resources */ = {
			isa = PBXResourcesBuildPhase;
			buildActionMask = 2147483647;
			files = (
				35EE3E06286F241600CC1AFF /* Preview Assets.xcassets in Resources */,
				35EE3E03286F241600CC1AFF /* Assets.xcassets in Resources */,
			);
			runOnlyForDeploymentPostprocessing = 0;
		};
/* End PBXResourcesBuildPhase section */

/* Begin PBXSourcesBuildPhase section */
		35EE3DF7286F241400CC1AFF /* Sources */ = {
			isa = PBXSourcesBuildPhase;
			buildActionMask = 2147483647;
			files = (
				35EE3E1B286F2B5600CC1AFF /* TravelTypeButton.swift in Sources */,
				35EE3E15286F248200CC1AFF /* Activity.swift in Sources */,
				35EE3E17286F26E100CC1AFF /* TravelViewModel.swift in Sources */,
				35EE3E0D286F245700CC1AFF /* DataService.swift in Sources */,
				35EE3E1F286F3B3D00CC1AFF /* HotelPreview.swift in Sources */,
				35EE3E19286F273600CC1AFF /* TravelType.swift in Sources */,
				35EE3E01286F241400CC1AFF /* HomeView.swift in Sources */,
				350C4C87286FE2BA00C1B51F /* DestinationView.swift in Sources */,
				35EE3E21286F3F9600CC1AFF /* ActivityPreview.swift in Sources */,
				35EE3E13286F247B00CC1AFF /* Destination.swift in Sources */,
				35EE3E11286F247500CC1AFF /* Hotel.swift in Sources */,
				35EE3DFF286F241400CC1AFF /* FlutterTravelDemoApp.swift in Sources */,
				35EE3E1D286F338A00CC1AFF /* DestinationPreview.swift in Sources */,
			);
			runOnlyForDeploymentPostprocessing = 0;
		};
/* End PBXSourcesBuildPhase section */

/* Begin XCBuildConfiguration section */
		35EE3E07286F241600CC1AFF /* Debug */ = {
			isa = XCBuildConfiguration;
			buildSettings = {
				ALWAYS_SEARCH_USER_PATHS = NO;
				CLANG_ANALYZER_NONNULL = YES;
				CLANG_ANALYZER_NUMBER_OBJECT_CONVERSION = YES_AGGRESSIVE;
				CLANG_CXX_LANGUAGE_STANDARD = "gnu++17";
				CLANG_ENABLE_MODULES = YES;
				CLANG_ENABLE_OBJC_ARC = YES;
				CLANG_ENABLE_OBJC_WEAK = YES;
				CLANG_WARN_BLOCK_CAPTURE_AUTORELEASING = YES;
				CLANG_WARN_BOOL_CONVERSION = YES;
				CLANG_WARN_COMMA = YES;
				CLANG_WARN_CONSTANT_CONVERSION = YES;
				CLANG_WARN_DEPRECATED_OBJC_IMPLEMENTATIONS = YES;
				CLANG_WARN_DIRECT_OBJC_ISA_USAGE = YES_ERROR;
				CLANG_WARN_DOCUMENTATION_COMMENTS = YES;
				CLANG_WARN_EMPTY_BODY = YES;
				CLANG_WARN_ENUM_CONVERSION = YES;
				CLANG_WARN_INFINITE_RECURSION = YES;
				CLANG_WARN_INT_CONVERSION = YES;
				CLANG_WARN_NON_LITERAL_NULL_CONVERSION = YES;
				CLANG_WARN_OBJC_IMPLICIT_RETAIN_SELF = YES;
				CLANG_WARN_OBJC_LITERAL_CONVERSION = YES;
				CLANG_WARN_OBJC_ROOT_CLASS = YES_ERROR;
				CLANG_WARN_QUOTED_INCLUDE_IN_FRAMEWORK_HEADER = YES;
				CLANG_WARN_RANGE_LOOP_ANALYSIS = YES;
				CLANG_WARN_STRICT_PROTOTYPES = YES;
				CLANG_WARN_SUSPICIOUS_MOVE = YES;
				CLANG_WARN_UNGUARDED_AVAILABILITY = YES_AGGRESSIVE;
				CLANG_WARN_UNREACHABLE_CODE = YES;
				CLANG_WARN__DUPLICATE_METHOD_MATCH = YES;
				COPY_PHASE_STRIP = NO;
				DEBUG_INFORMATION_FORMAT = dwarf;
				ENABLE_STRICT_OBJC_MSGSEND = YES;
				ENABLE_TESTABILITY = YES;
				GCC_C_LANGUAGE_STANDARD = gnu11;
				GCC_DYNAMIC_NO_PIC = NO;
				GCC_NO_COMMON_BLOCKS = YES;
				GCC_OPTIMIZATION_LEVEL = 0;
				GCC_PREPROCESSOR_DEFINITIONS = (
					"DEBUG=1",
					"$(inherited)",
				);
				GCC_WARN_64_TO_32_BIT_CONVERSION = YES;
				GCC_WARN_ABOUT_RETURN_TYPE = YES_ERROR;
				GCC_WARN_UNDECLARED_SELECTOR = YES;
				GCC_WARN_UNINITIALIZED_AUTOS = YES_AGGRESSIVE;
				GCC_WARN_UNUSED_FUNCTION = YES;
				GCC_WARN_UNUSED_VARIABLE = YES;
				IPHONEOS_DEPLOYMENT_TARGET = 15.5;
				MTL_ENABLE_DEBUG_INFO = INCLUDE_SOURCE;
				MTL_FAST_MATH = YES;
				ONLY_ACTIVE_ARCH = YES;
				SDKROOT = iphoneos;
				SWIFT_ACTIVE_COMPILATION_CONDITIONS = DEBUG;
				SWIFT_OPTIMIZATION_LEVEL = "-Onone";
			};
			name = Debug;
		};
		35EE3E08286F241600CC1AFF /* Release */ = {
			isa = XCBuildConfiguration;
			buildSettings = {
				ALWAYS_SEARCH_USER_PATHS = NO;
				CLANG_ANALYZER_NONNULL = YES;
				CLANG_ANALYZER_NUMBER_OBJECT_CONVERSION = YES_AGGRESSIVE;
				CLANG_CXX_LANGUAGE_STANDARD = "gnu++17";
				CLANG_ENABLE_MODULES = YES;
				CLANG_ENABLE_OBJC_ARC = YES;
				CLANG_ENABLE_OBJC_WEAK = YES;
				CLANG_WARN_BLOCK_CAPTURE_AUTORELEASING = YES;
				CLANG_WARN_BOOL_CONVERSION = YES;
				CLANG_WARN_COMMA = YES;
				CLANG_WARN_CONSTANT_CONVERSION = YES;
				CLANG_WARN_DEPRECATED_OBJC_IMPLEMENTATIONS = YES;
				CLANG_WARN_DIRECT_OBJC_ISA_USAGE = YES_ERROR;
				CLANG_WARN_DOCUMENTATION_COMMENTS = YES;
				CLANG_WARN_EMPTY_BODY = YES;
				CLANG_WARN_ENUM_CONVERSION = YES;
				CLANG_WARN_INFINITE_RECURSION = YES;
				CLANG_WARN_INT_CONVERSION = YES;
				CLANG_WARN_NON_LITERAL_NULL_CONVERSION = YES;
				CLANG_WARN_OBJC_IMPLICIT_RETAIN_SELF = YES;
				CLANG_WARN_OBJC_LITERAL_CONVERSION = YES;
				CLANG_WARN_OBJC_ROOT_CLASS = YES_ERROR;
				CLANG_WARN_QUOTED_INCLUDE_IN_FRAMEWORK_HEADER = YES;
				CLANG_WARN_RANGE_LOOP_ANALYSIS = YES;
				CLANG_WARN_STRICT_PROTOTYPES = YES;
				CLANG_WARN_SUSPICIOUS_MOVE = YES;
				CLANG_WARN_UNGUARDED_AVAILABILITY = YES_AGGRESSIVE;
				CLANG_WARN_UNREACHABLE_CODE = YES;
				CLANG_WARN__DUPLICATE_METHOD_MATCH = YES;
				COPY_PHASE_STRIP = NO;
				DEBUG_INFORMATION_FORMAT = "dwarf-with-dsym";
				ENABLE_NS_ASSERTIONS = NO;
				ENABLE_STRICT_OBJC_MSGSEND = YES;
				GCC_C_LANGUAGE_STANDARD = gnu11;
				GCC_NO_COMMON_BLOCKS = YES;
				GCC_WARN_64_TO_32_BIT_CONVERSION = YES;
				GCC_WARN_ABOUT_RETURN_TYPE = YES_ERROR;
				GCC_WARN_UNDECLARED_SELECTOR = YES;
				GCC_WARN_UNINITIALIZED_AUTOS = YES_AGGRESSIVE;
				GCC_WARN_UNUSED_FUNCTION = YES;
				GCC_WARN_UNUSED_VARIABLE = YES;
				IPHONEOS_DEPLOYMENT_TARGET = 15.5;
				MTL_ENABLE_DEBUG_INFO = NO;
				MTL_FAST_MATH = YES;
				SDKROOT = iphoneos;
				SWIFT_COMPILATION_MODE = wholemodule;
				SWIFT_OPTIMIZATION_LEVEL = "-O";
				VALIDATE_PRODUCT = YES;
			};
			name = Release;
		};
		35EE3E0A286F241600CC1AFF /* Debug */ = {
			isa = XCBuildConfiguration;
			buildSettings = {
				ASSETCATALOG_COMPILER_APPICON_NAME = AppIcon;
				ASSETCATALOG_COMPILER_GLOBAL_ACCENT_COLOR_NAME = AccentColor;
				CODE_SIGN_STYLE = Automatic;
				CURRENT_PROJECT_VERSION = 1;
				DEVELOPMENT_ASSET_PATHS = "\"FlutterTravelDemo/Preview Content\"";
				DEVELOPMENT_TEAM = 73M8WKP6V5;
				ENABLE_PREVIEWS = YES;
				GENERATE_INFOPLIST_FILE = YES;
				INFOPLIST_KEY_UIApplicationSceneManifest_Generation = YES;
				INFOPLIST_KEY_UIApplicationSupportsIndirectInputEvents = YES;
				INFOPLIST_KEY_UILaunchScreen_Generation = YES;
				INFOPLIST_KEY_UISupportedInterfaceOrientations_iPad = "UIInterfaceOrientationPortrait UIInterfaceOrientationPortraitUpsideDown UIInterfaceOrientationLandscapeLeft UIInterfaceOrientationLandscapeRight";
				INFOPLIST_KEY_UISupportedInterfaceOrientations_iPhone = "UIInterfaceOrientationPortrait UIInterfaceOrientationLandscapeLeft UIInterfaceOrientationLandscapeRight";
				LD_RUNPATH_SEARCH_PATHS = (
					"$(inherited)",
					"@executable_path/Frameworks",
				);
				MARKETING_VERSION = 1.0;
				PRODUCT_BUNDLE_IDENTIFIER = "com.mittal-siddharth.FlutterTravelDemo";
				PRODUCT_NAME = "$(TARGET_NAME)";
				SWIFT_EMIT_LOC_STRINGS = YES;
				SWIFT_VERSION = 5.0;
				TARGETED_DEVICE_FAMILY = "1,2";
			};
			name = Debug;
		};
		35EE3E0B286F241600CC1AFF /* Release */ = {
			isa = XCBuildConfiguration;
			buildSettings = {
				ASSETCATALOG_COMPILER_APPICON_NAME = AppIcon;
				ASSETCATALOG_COMPILER_GLOBAL_ACCENT_COLOR_NAME = AccentColor;
				CODE_SIGN_STYLE = Automatic;
				CURRENT_PROJECT_VERSION = 1;
				DEVELOPMENT_ASSET_PATHS = "\"FlutterTravelDemo/Preview Content\"";
				DEVELOPMENT_TEAM = 73M8WKP6V5;
				ENABLE_PREVIEWS = YES;
				GENERATE_INFOPLIST_FILE = YES;
				INFOPLIST_KEY_UIApplicationSceneManifest_Generation = YES;
				INFOPLIST_KEY_UIApplicationSupportsIndirectInputEvents = YES;
				INFOPLIST_KEY_UILaunchScreen_Generation = YES;
				INFOPLIST_KEY_UISupportedInterfaceOrientations_iPad = "UIInterfaceOrientationPortrait UIInterfaceOrientationPortraitUpsideDown UIInterfaceOrientationLandscapeLeft UIInterfaceOrientationLandscapeRight";
				INFOPLIST_KEY_UISupportedInterfaceOrientations_iPhone = "UIInterfaceOrientationPortrait UIInterfaceOrientationLandscapeLeft UIInterfaceOrientationLandscapeRight";
				LD_RUNPATH_SEARCH_PATHS = (
					"$(inherited)",
					"@executable_path/Frameworks",
				);
				MARKETING_VERSION = 1.0;
				PRODUCT_BUNDLE_IDENTIFIER = "com.mittal-siddharth.FlutterTravelDemo";
				PRODUCT_NAME = "$(TARGET_NAME)";
				SWIFT_EMIT_LOC_STRINGS = YES;
				SWIFT_VERSION = 5.0;
				TARGETED_DEVICE_FAMILY = "1,2";
			};
			name = Release;
		};
/* End XCBuildConfiguration section */

/* Begin XCConfigurationList section */
		35EE3DF6286F241400CC1AFF /* Build configuration list for PBXProject "FlutterTravelDemo" */ = {
			isa = XCConfigurationList;
			buildConfigurations = (
				35EE3E07286F241600CC1AFF /* Debug */,
				35EE3E08286F241600CC1AFF /* Release */,
			);
			defaultConfigurationIsVisible = 0;
			defaultConfigurationName = Release;
		};
		35EE3E09286F241600CC1AFF /* Build configuration list for PBXNativeTarget "FlutterTravelDemo" */ = {
			isa = XCConfigurationList;
			buildConfigurations = (
				35EE3E0A286F241600CC1AFF /* Debug */,
				35EE3E0B286F241600CC1AFF /* Release */,
			);
			defaultConfigurationIsVisible = 0;
			defaultConfigurationName = Release;
		};
/* End XCConfigurationList section */
	};
	rootObject = 35EE3DF3286F241400CC1AFF /* Project object */;
}
